
Microsoft Visual Studio Solution File, Format Version 12.00
# Visual Studio 14
VisualStudioVersion = 14.0.24720.0
MinimumVisualStudioVersion = 10.0.40219.1
Project("{8BC9CEB8-8B4A-11D0-8D11-00A0C91BC942}") = "Client", "Client\Client.vcxproj", "{4F1B72C1-8B6E-4788-A874-167610D03512}"
EndProject
Project("{8BC9CEB8-8B4A-11D0-8D11-00A0C91BC942}") = "Tests", "Tests\Tests.vcxproj", "{70B57D25-86AE-4C6F-8AAD-598A94B4D0DC}"
EndProject
Project("{2150E333-8FDC-42A3-9474-1A3956D46DE8}") = "Solution Items", "Solution Items", "{8C82EECE-6EFF-462F-9A05-BB3933BDF616}"
	ProjectSection(SolutionItems) = preProject
		README.md = README.md
	EndProjectSection
EndProject
Project("{8BC9CEB8-8B4A-11D0-8D11-00A0C91BC942}") = "SharedCode", "SharedCode\SharedCode.vcxitems", "{45D41ACC-2C3C-43D2-BC10-02AA73FFC7C7}"
EndProject
Global
	GlobalSection(SharedMSBuildProjectFiles) = preSolution
		SharedCode\SharedCode.vcxitems*{70b57d25-86ae-4c6f-8aad-598a94b4d0dc}*SharedItemsImports = 4
		SharedCode\SharedCode.vcxitems*{4f1b72c1-8b6e-4788-a874-167610d03512}*SharedItemsImports = 4
		SharedCode\SharedCode.vcxitems*{45d41acc-2c3c-43d2-bc10-02aa73ffc7c7}*SharedItemsImports = 9
	EndGlobalSection
	GlobalSection(SolutionConfigurationPlatforms) = preSolution
		Debug|ARM = Debug|ARM
		Debug|x64 = Debug|x64
		Debug|x86 = Debug|x86
		Release|ARM = Release|ARM
		Release|x64 = Release|x64
		Release|x86 = Release|x86
	EndGlobalSection
	GlobalSection(ProjectConfigurationPlatforms) = postSolution
		{4F1B72C1-8B6E-4788-A874-167610D03512}.Debug|ARM.ActiveCfg = Debug|ARM
		{4F1B72C1-8B6E-4788-A874-167610D03512}.Debug|ARM.Build.0 = Debug|ARM
		{4F1B72C1-8B6E-4788-A874-167610D03512}.Debug|ARM.Deploy.0 = Debug|ARM
		{4F1B72C1-8B6E-4788-A874-167610D03512}.Debug|x64.ActiveCfg = Debug|x64
		{4F1B72C1-8B6E-4788-A874-167610D03512}.Debug|x64.Build.0 = Debug|x64
		{4F1B72C1-8B6E-4788-A874-167610D03512}.Debug|x64.Deploy.0 = Debug|x64
		{4F1B72C1-8B6E-4788-A874-167610D03512}.Debug|x86.ActiveCfg = Debug|Win32
		{4F1B72C1-8B6E-4788-A874-167610D03512}.Debug|x86.Build.0 = Debug|Win32
		{4F1B72C1-8B6E-4788-A874-167610D03512}.Debug|x86.Deploy.0 = Debug|Win32
		{4F1B72C1-8B6E-4788-A874-167610D03512}.Release|ARM.ActiveCfg = Release|ARM
		{4F1B72C1-8B6E-4788-A874-167610D03512}.Release|ARM.Build.0 = Release|ARM
		{4F1B72C1-8B6E-4788-A874-167610D03512}.Release|ARM.Deploy.0 = Release|ARM
		{4F1B72C1-8B6E-4788-A874-167610D03512}.Release|x64.ActiveCfg = Release|x64
		{4F1B72C1-8B6E-4788-A874-167610D03512}.Release|x64.Build.0 = Release|x64
		{4F1B72C1-8B6E-4788-A874-167610D03512}.Release|x64.Deploy.0 = Release|x64
		{4F1B72C1-8B6E-4788-A874-167610D03512}.Release|x86.ActiveCfg = Release|Win32
		{4F1B72C1-8B6E-4788-A874-167610D03512}.Release|x86.Build.0 = Release|Win32
		{4F1B72C1-8B6E-4788-A874-167610D03512}.Release|x86.Deploy.0 = Release|Win32
		{70B57D25-86AE-4C6F-8AAD-598A94B4D0DC}.Debug|ARM.ActiveCfg = Debug|ARM
		{70B57D25-86AE-4C6F-8AAD-598A94B4D0DC}.Debug|ARM.Build.0 = Debug|ARM
		{70B57D25-86AE-4C6F-8AAD-598A94B4D0DC}.Debug|ARM.Deploy.0 = Debug|ARM
		{70B57D25-86AE-4C6F-8AAD-598A94B4D0DC}.Debug|x64.ActiveCfg = Debug|x64
		{70B57D25-86AE-4C6F-8AAD-598A94B4D0DC}.Debug|x64.Build.0 = Debug|x64
		{70B57D25-86AE-4C6F-8AAD-598A94B4D0DC}.Debug|x64.Deploy.0 = Debug|x64
		{70B57D25-86AE-4C6F-8AAD-598A94B4D0DC}.Debug|x86.ActiveCfg = Debug|Win32
		{70B57D25-86AE-4C6F-8AAD-598A94B4D0DC}.Debug|x86.Build.0 = Debug|Win32
		{70B57D25-86AE-4C6F-8AAD-598A94B4D0DC}.Debug|x86.Deploy.0 = Debug|Win32
		{70B57D25-86AE-4C6F-8AAD-598A94B4D0DC}.Release|ARM.ActiveCfg = Release|ARM
		{70B57D25-86AE-4C6F-8AAD-598A94B4D0DC}.Release|ARM.Build.0 = Release|ARM
		{70B57D25-86AE-4C6F-8AAD-598A94B4D0DC}.Release|ARM.Deploy.0 = Release|ARM
		{70B57D25-86AE-4C6F-8AAD-598A94B4D0DC}.Release|x64.ActiveCfg = Release|x64
		{70B57D25-86AE-4C6F-8AAD-598A94B4D0DC}.Release|x64.Build.0 = Release|x64
		{70B57D25-86AE-4C6F-8AAD-598A94B4D0DC}.Release|x64.Deploy.0 = Release|x64
		{70B57D25-86AE-4C6F-8AAD-598A94B4D0DC}.Release|x86.ActiveCfg = Release|Win32
		{70B57D25-86AE-4C6F-8AAD-598A94B4D0DC}.Release|x86.Build.0 = Release|Win32
		{70B57D25-86AE-4C6F-8AAD-598A94B4D0DC}.Release|x86.Deploy.0 = Release|Win32
	EndGlobalSection
	GlobalSection(SolutionProperties) = preSolution
		HideSolutionNode = FALSE
	EndGlobalSection
EndGlobal
